{
  "name": "project",
  "version": "1.0.0",
  "lockfileVersion": 1,
  "requires": true,
  "dependencies": {
    "@types/node": {
      "version": "16.11.7",
      "resolved": "https://registry.npmjs.org/@types/node/-/node-16.11.7.tgz",
      "integrity": "sha512-QB5D2sqfSjCmTuWcBWyJ+/44bcjO7VbjSbOE0ucoVbAsSNQc4Lt6QkgkVXkTDwkL4z/beecZNDvVX15D4P8Jbw=="
    },
    "@types/watch": {
      "version": "1.0.2",
      "resolved": "https://registry.npmjs.org/@types/watch/-/watch-1.0.2.tgz",
      "integrity": "sha512-ylzbsiDt6U6yBIP3vhv2zC+mz1AIE1cVCqXW0rfeHWypUsKM8QOGbsNAHCtqANtqHoj7HVXkxDSpKN+LJamscw==",
      "requires": {
        "@types/node": "*"
      }
    },
    "child_process": {
      "version": "1.0.2",
      "resolved": "https://registry.npmjs.org/child_process/-/child_process-1.0.2.tgz",
      "integrity": "sha1-sffn/HPSXn/R1FWtyU4UODAYK1o="
    }
  }
}
